
Microsoft Visual Studio Solution File, Format Version 12.00
# Visual Studio Version 16
VisualStudioVersion = 16.0.29215.179
MinimumVisualStudioVersion = 10.0.40219.1
Project("{FAE04EC0-301F-11D3-BF4B-00C04F79EFBC}") = "HelloWorld", "HelloWorld\HelloWorld.csproj", "{3CDFC264-D545-4C4F-A780-B935B1016360}"
EndProject
Global
	GlobalSection(SolutionConfigurationPlatforms) = preSolution
		Debug|Any CPU = Debug|Any CPU
		Release|Any CPU = Release|Any CPU
	EndGlobalSection
	GlobalSection(ProjectConfigurationPlatforms) = postSolution
		{3CDFC264-D545-4C4F-A780-B935B1016360}.Debug|Any CPU.ActiveCfg = Debug|Any CPU
		{3CDFC264-D545-4C4F-A780-B935B1016360}.Debug|Any CPU.Build.0 = Debug|Any CPU
		{3CDFC264-D545-4C4F-A780-B935B1016360}.Release|Any CPU.ActiveCfg = Release|Any CPU
		{3CDFC264-D545-4C4F-A780-B935B1016360}.Release|Any CPU.Build.0 = Release|Any CPU
	EndGlobalSection
	GlobalSection(SolutionProperties) = preSolution
		HideSolutionNode = FALSE
	EndGlobalSection
	GlobalSection(ExtensibilityGlobals) = postSolution
		SolutionGuid = {A75EE76B-C977-4431-84E4-30BD07962731}
	EndGlobalSection
EndGlobal
